
Microsoft Visual Studio Solution File, Format Version 12.00
# Visual Studio Version 17
VisualStudioVersion = 17.9.34616.47
MinimumVisualStudioVersion = 10.0.40219.1
Project("{FAE04EC0-301F-11D3-BF4B-00C04F79EFBC}") = "FirebaseCloudMessagingService", "FirebaseCloudMessagingService\FirebaseCloudMessagingService.csproj", "{9522CA90-D038-41E9-B5AE-CEA37FA0D6CB}"
EndProject
Global
	GlobalSection(SolutionConfigurationPlatforms) = preSolution
		Debug|Any CPU = Debug|Any CPU
		Release|Any CPU = Release|Any CPU
	EndGlobalSection
	GlobalSection(ProjectConfigurationPlatforms) = postSolution
		{9522CA90-D038-41E9-B5AE-CEA37FA0D6CB}.Debug|Any CPU.ActiveCfg = Debug|Any CPU
		{9522CA90-D038-41E9-B5AE-CEA37FA0D6CB}.Debug|Any CPU.Build.0 = Debug|Any CPU
		{9522CA90-D038-41E9-B5AE-CEA37FA0D6CB}.Release|Any CPU.ActiveCfg = Release|Any CPU
		{9522CA90-D038-41E9-B5AE-CEA37FA0D6CB}.Release|Any CPU.Build.0 = Release|Any CPU
	EndGlobalSection
	GlobalSection(SolutionProperties) = preSolution
		HideSolutionNode = FALSE
	EndGlobalSection
	GlobalSection(ExtensibilityGlobals) = postSolution
		SolutionGuid = {7F22C338-26D8-4E4D-A4FA-A92643E08D41}
	EndGlobalSection
EndGlobal
